
Microsoft Visual Studio Solution File, Format Version 12.00
# Visual Studio Version 16
VisualStudioVersion = 16.0.29001.49
MinimumVisualStudioVersion = 10.0.40219.1
Project("{FAE04EC0-301F-11D3-BF4B-00C04F79EFBC}") = "BinaryTreeExample", "BinaryTreeExample.csproj", "{184AD8ED-059A-45CA-B598-2A7B92C0B19A}"
EndProject
Global
	GlobalSection(SolutionConfigurationPlatforms) = preSolution
		Debug|Any CPU = Debug|Any CPU
		Release|Any CPU = Release|Any CPU
	EndGlobalSection
	GlobalSection(ProjectConfigurationPlatforms) = postSolution
		{184AD8ED-059A-45CA-B598-2A7B92C0B19A}.Debug|Any CPU.ActiveCfg = Debug|Any CPU
		{184AD8ED-059A-45CA-B598-2A7B92C0B19A}.Debug|Any CPU.Build.0 = Debug|Any CPU
		{184AD8ED-059A-45CA-B598-2A7B92C0B19A}.Release|Any CPU.ActiveCfg = Release|Any CPU
		{184AD8ED-059A-45CA-B598-2A7B92C0B19A}.Release|Any CPU.Build.0 = Release|Any CPU
	EndGlobalSection
	GlobalSection(SolutionProperties) = preSolution
		HideSolutionNode = FALSE
	EndGlobalSection
	GlobalSection(ExtensibilityGlobals) = postSolution
		SolutionGuid = {515418A2-D1B9-4958-9786-DA17B6F21DE8}
	EndGlobalSection
EndGlobal
