
Microsoft Visual Studio Solution File, Format Version 12.00
# Visual Studio Version 16
VisualStudioVersion = 16.0.29001.49
MinimumVisualStudioVersion = 10.0.40219.1
Project("{FAE04EC0-301F-11D3-BF4B-00C04F79EFBC}") = "QueueExample", "QueueExample\QueueExample.csproj", "{9C5EF8BE-537D-48B2-8747-0AE247A25380}"
EndProject
Global
	GlobalSection(SolutionConfigurationPlatforms) = preSolution
		Debug|Any CPU = Debug|Any CPU
		Release|Any CPU = Release|Any CPU
	EndGlobalSection
	GlobalSection(ProjectConfigurationPlatforms) = postSolution
		{9C5EF8BE-537D-48B2-8747-0AE247A25380}.Debug|Any CPU.ActiveCfg = Debug|Any CPU
		{9C5EF8BE-537D-48B2-8747-0AE247A25380}.Debug|Any CPU.Build.0 = Debug|Any CPU
		{9C5EF8BE-537D-48B2-8747-0AE247A25380}.Release|Any CPU.ActiveCfg = Release|Any CPU
		{9C5EF8BE-537D-48B2-8747-0AE247A25380}.Release|Any CPU.Build.0 = Release|Any CPU
	EndGlobalSection
	GlobalSection(SolutionProperties) = preSolution
		HideSolutionNode = FALSE
	EndGlobalSection
	GlobalSection(ExtensibilityGlobals) = postSolution
		SolutionGuid = {F425C911-19F1-4271-B767-A7A30C55D5E1}
	EndGlobalSection
EndGlobal
